# This file is automatically @generated by Cargo.
# It is not intended for manual editing.
version = 4

[[package]]
name = "memo-map"
version = "0.3.3"
source = "registry+https://github.com/rust-lang/crates.io-index"
checksum = "38d1115007560874e373613744c6fba374c17688327a71c1476d1a5954cc857b"

[[package]]
name = "minijinja"
version = "3.0.0-alpha.0"
dependencies = [
 "memo-map",
]

[[package]]
name = "minijinja-mayhem-kat"
version = "0.0.0"
dependencies = [
 "minijinja",
]
